
Microsoft Visual Studio Solution File, Format Version 12.00
# Visual Studio 15
VisualStudioVersion = 15.0.27130.2026
MinimumVisualStudioVersion = 10.0.40219.1
Project("{8BC9CEB8-8B4A-11D0-8D11-00A0C91BC942}") = "ArkChatIcons", "ArkChatIcons\ArkChatIcons.vcxproj", "{BB7385F7-6EAD-4584-8477-C39B35640D56}"
EndProject
Global
	GlobalSection(SolutionConfigurationPlatforms) = preSolution
		Debug|x64 = Debug|x64
		Release|x64 = Release|x64
	EndGlobalSection
	GlobalSection(ProjectConfigurationPlatforms) = postSolution
		{BB7385F7-6EAD-4584-8477-C39B35640D56}.Debug|x64.ActiveCfg = Debug|x64
		{BB7385F7-6EAD-4584-8477-C39B35640D56}.Debug|x64.Build.0 = Debug|x64
		{BB7385F7-6EAD-4584-8477-C39B35640D56}.Release|x64.ActiveCfg = Release|x64
		{BB7385F7-6EAD-4584-8477-C39B35640D56}.Release|x64.Build.0 = Release|x64
	EndGlobalSection
	GlobalSection(SolutionProperties) = preSolution
		HideSolutionNode = FALSE
	EndGlobalSection
	GlobalSection(ExtensibilityGlobals) = postSolution
		SolutionGuid = {1EBECE89-E2F1-4F0D-892B-2970D77521C9}
	EndGlobalSection
EndGlobal
